{
  "name": "calc-stats",
  "version": "0.0.0",
  "lockfileVersion": 2,
  "requires": true,
  "packages": {
    "": {
      "version": "0.0.0",
      "license": "CC0-1.0",
      "devDependencies": {
        "faster-median": "^0.2.0",
        "flug": "^1.1.0"
      }
    },
    "node_modules/faster-median": {
      "version": "0.2.0",
      "resolved": "https://registry.npmjs.org/faster-median/-/faster-median-0.2.0.tgz",
      "integrity": "sha512-dhqk/gHPGzxaLVhWU/0v7Ae9Tr/noReH0lXweSNsJiT+gF+foivxrsKC1d6pQdzEcd5MXPkxllV7WLv52MRO1g==",
      "dev": true
    },
    "node_modules/flug": {
      "version": "1.1.0",
      "resolved": "https://registry.npmjs.org/flug/-/flug-1.1.0.tgz",
      "integrity": "sha512-WiqL10XpieW2CNyW4L++cBdIdrTAj6cMhjI/uEtms50JwJwjnythS5QtaE7Db+5ybYqqnTmREzbr/EB+TKlgJA==",
      "dev": true
    }
  },
  "dependencies": {
    "faster-median": {
      "version": "0.2.0",
      "resolved": "https://registry.npmjs.org/faster-median/-/faster-median-0.2.0.tgz",
      "integrity": "sha512-dhqk/gHPGzxaLVhWU/0v7Ae9Tr/noReH0lXweSNsJiT+gF+foivxrsKC1d6pQdzEcd5MXPkxllV7WLv52MRO1g==",
      "dev": true
    },
    "flug": {
      "version": "1.1.0",
      "resolved": "https://registry.npmjs.org/flug/-/flug-1.1.0.tgz",
      "integrity": "sha512-WiqL10XpieW2CNyW4L++cBdIdrTAj6cMhjI/uEtms50JwJwjnythS5QtaE7Db+5ybYqqnTmREzbr/EB+TKlgJA==",
      "dev": true
    }
  }
}
